
Microsoft Visual Studio Solution File, Format Version 12.00
# Visual Studio 15
VisualStudioVersion = 15.0.26403.7
MinimumVisualStudioVersion = 10.0.40219.1
Project("{FAE04EC0-301F-11D3-BF4B-00C04F79EFBC}") = "BookMyRoom_WebAPI", "BookMyRoom_WebAPI\BookMyRoom_WebAPI.csproj", "{07108A39-864D-4879-B0B9-CB432162B53D}"
EndProject
Project("{FAE04EC0-301F-11D3-BF4B-00C04F79EFBC}") = "BookMyRoom.Entitites", "BookMyRoom.Entitites\BookMyRoom.Entitites.csproj", "{82F28A1D-AD24-40BC-A145-2646FCC5B1FC}"
EndProject
Project("{FAE04EC0-301F-11D3-BF4B-00C04F79EFBC}") = "BookMyRoom.DataAccessLayer", "BookMyRoom.DataAccessLayer\BookMyRoom.DataAccessLayer.csproj", "{DD169AB6-8964-4DB0-9E16-956638E13E47}"
EndProject
Project("{FAE04EC0-301F-11D3-BF4B-00C04F79EFBC}") = "BookMyRoom.BusinessLayer", "BookMyRoom.BusinessLayer\BookMyRoom.BusinessLayer.csproj", "{975801E9-2C99-4FD7-9CDD-183F807AF382}"
EndProject
Global
	GlobalSection(SolutionConfigurationPlatforms) = preSolution
		Debug|Any CPU = Debug|Any CPU
		Release|Any CPU = Release|Any CPU
	EndGlobalSection
	GlobalSection(ProjectConfigurationPlatforms) = postSolution
		{07108A39-864D-4879-B0B9-CB432162B53D}.Debug|Any CPU.ActiveCfg = Debug|Any CPU
		{07108A39-864D-4879-B0B9-CB432162B53D}.Debug|Any CPU.Build.0 = Debug|Any CPU
		{07108A39-864D-4879-B0B9-CB432162B53D}.Release|Any CPU.ActiveCfg = Release|Any CPU
		{07108A39-864D-4879-B0B9-CB432162B53D}.Release|Any CPU.Build.0 = Release|Any CPU
		{82F28A1D-AD24-40BC-A145-2646FCC5B1FC}.Debug|Any CPU.ActiveCfg = Debug|Any CPU
		{82F28A1D-AD24-40BC-A145-2646FCC5B1FC}.Debug|Any CPU.Build.0 = Debug|Any CPU
		{82F28A1D-AD24-40BC-A145-2646FCC5B1FC}.Release|Any CPU.ActiveCfg = Release|Any CPU
		{82F28A1D-AD24-40BC-A145-2646FCC5B1FC}.Release|Any CPU.Build.0 = Release|Any CPU
		{DD169AB6-8964-4DB0-9E16-956638E13E47}.Debug|Any CPU.ActiveCfg = Debug|Any CPU
		{DD169AB6-8964-4DB0-9E16-956638E13E47}.Debug|Any CPU.Build.0 = Debug|Any CPU
		{DD169AB6-8964-4DB0-9E16-956638E13E47}.Release|Any CPU.ActiveCfg = Release|Any CPU
		{DD169AB6-8964-4DB0-9E16-956638E13E47}.Release|Any CPU.Build.0 = Release|Any CPU
		{975801E9-2C99-4FD7-9CDD-183F807AF382}.Debug|Any CPU.ActiveCfg = Debug|Any CPU
		{975801E9-2C99-4FD7-9CDD-183F807AF382}.Debug|Any CPU.Build.0 = Debug|Any CPU
		{975801E9-2C99-4FD7-9CDD-183F807AF382}.Release|Any CPU.ActiveCfg = Release|Any CPU
		{975801E9-2C99-4FD7-9CDD-183F807AF382}.Release|Any CPU.Build.0 = Release|Any CPU
	EndGlobalSection
	GlobalSection(SolutionProperties) = preSolution
		HideSolutionNode = FALSE
	EndGlobalSection
EndGlobal
