
Microsoft Visual Studio Solution File, Format Version 12.00
# Visual Studio 15
VisualStudioVersion = 15.0.27703.2035
MinimumVisualStudioVersion = 10.0.40219.1
Project("{FAE04EC0-301F-11D3-BF4B-00C04F79EFBC}") = "ConsoleAsyncs", "ConsoleAsyncs\ConsoleAsyncs.csproj", "{73E3B306-876E-4CCF-B564-5C2B6911CBE2}"
EndProject
Global
	GlobalSection(SolutionConfigurationPlatforms) = preSolution
		Debug|Any CPU = Debug|Any CPU
		Release|Any CPU = Release|Any CPU
	EndGlobalSection
	GlobalSection(ProjectConfigurationPlatforms) = postSolution
		{73E3B306-876E-4CCF-B564-5C2B6911CBE2}.Debug|Any CPU.ActiveCfg = Debug|Any CPU
		{73E3B306-876E-4CCF-B564-5C2B6911CBE2}.Debug|Any CPU.Build.0 = Debug|Any CPU
		{73E3B306-876E-4CCF-B564-5C2B6911CBE2}.Release|Any CPU.ActiveCfg = Release|Any CPU
		{73E3B306-876E-4CCF-B564-5C2B6911CBE2}.Release|Any CPU.Build.0 = Release|Any CPU
	EndGlobalSection
	GlobalSection(SolutionProperties) = preSolution
		HideSolutionNode = FALSE
	EndGlobalSection
	GlobalSection(ExtensibilityGlobals) = postSolution
		SolutionGuid = {4C55A910-3999-4C90-A84D-330CF9C0070C}
	EndGlobalSection
EndGlobal
